
Microsoft Visual Studio Solution File, Format Version 12.00
# Visual Studio 15
VisualStudioVersion = 15.0.27130.2020
MinimumVisualStudioVersion = 10.0.40219.1
Project("{9A19103F-16F7-4668-BE54-9A1E7A4F7556}") = "Pegasus", "Pegasus\Pegasus.csproj", "{4322E4DC-4239-44D2-B0EB-023E43BCB2ED}"
EndProject
Project("{9A19103F-16F7-4668-BE54-9A1E7A4F7556}") = "Pegasus.DungeonGenerator", "Pegasus.DungeonGenerator\Pegasus.DungeonGenerator.csproj", "{6C26A6B0-8A93-4FBD-B6F4-C78577C3A6BE}"
EndProject
Global
	GlobalSection(SolutionConfigurationPlatforms) = preSolution
		Debug|Any CPU = Debug|Any CPU
		Release|Any CPU = Release|Any CPU
	EndGlobalSection
	GlobalSection(ProjectConfigurationPlatforms) = postSolution
		{4322E4DC-4239-44D2-B0EB-023E43BCB2ED}.Debug|Any CPU.ActiveCfg = Debug|Any CPU
		{4322E4DC-4239-44D2-B0EB-023E43BCB2ED}.Debug|Any CPU.Build.0 = Debug|Any CPU
		{4322E4DC-4239-44D2-B0EB-023E43BCB2ED}.Release|Any CPU.ActiveCfg = Release|Any CPU
		{4322E4DC-4239-44D2-B0EB-023E43BCB2ED}.Release|Any CPU.Build.0 = Release|Any CPU
		{6C26A6B0-8A93-4FBD-B6F4-C78577C3A6BE}.Debug|Any CPU.ActiveCfg = Debug|Any CPU
		{6C26A6B0-8A93-4FBD-B6F4-C78577C3A6BE}.Debug|Any CPU.Build.0 = Debug|Any CPU
		{6C26A6B0-8A93-4FBD-B6F4-C78577C3A6BE}.Release|Any CPU.ActiveCfg = Release|Any CPU
		{6C26A6B0-8A93-4FBD-B6F4-C78577C3A6BE}.Release|Any CPU.Build.0 = Release|Any CPU
	EndGlobalSection
	GlobalSection(SolutionProperties) = preSolution
		HideSolutionNode = FALSE
	EndGlobalSection
	GlobalSection(ExtensibilityGlobals) = postSolution
		SolutionGuid = {3E81A96F-BD25-4724-B769-E04D086AAE5D}
	EndGlobalSection
EndGlobal
